
Microsoft Visual Studio Solution File, Format Version 12.00
# Visual Studio Version 17
VisualStudioVersion = 17.11.35327.3
MinimumVisualStudioVersion = 10.0.40219.1
Project("{FAE04EC0-301F-11D3-BF4B-00C04F79EFBC}") = "Lab6", "Lab6.csproj", "{67F28B79-6CFC-4E5D-AA10-4AE686E08BB6}"
EndProject
Global
	GlobalSection(SolutionConfigurationPlatforms) = preSolution
		Debug|Any CPU = Debug|Any CPU
		Release|Any CPU = Release|Any CPU
	EndGlobalSection
	GlobalSection(ProjectConfigurationPlatforms) = postSolution
		{67F28B79-6CFC-4E5D-AA10-4AE686E08BB6}.Debug|Any CPU.ActiveCfg = Debug|Any CPU
		{67F28B79-6CFC-4E5D-AA10-4AE686E08BB6}.Debug|Any CPU.Build.0 = Debug|Any CPU
		{67F28B79-6CFC-4E5D-AA10-4AE686E08BB6}.Release|Any CPU.ActiveCfg = Release|Any CPU
		{67F28B79-6CFC-4E5D-AA10-4AE686E08BB6}.Release|Any CPU.Build.0 = Release|Any CPU
	EndGlobalSection
	GlobalSection(SolutionProperties) = preSolution
		HideSolutionNode = FALSE
	EndGlobalSection
	GlobalSection(ExtensibilityGlobals) = postSolution
		SolutionGuid = {3DEA7A14-87E5-4183-A7C2-76E100F5F0C9}
	EndGlobalSection
EndGlobal
